{
  "nodes": {
    "base16-schemes": {
      "flake": false,
      "locked": {
        "lastModified": 1689473676,
        "narHash": "sha256-L0RhUr9+W5EPWBpLcmkKpUeCEWRs/kLzVMF3Vao2ZU0=",
        "owner": "tinted-theming",
        "repo": "base16-schemes",
        "rev": "d95123ca6377cd849cfdce92c0a24406b0c6a789",
        "type": "github"
      },
      "original": {
        "owner": "tinted-theming",
        "repo": "base16-schemes",
        "type": "github"
      }
    },
    "emacs-overlay": {
      "inputs": {
        "flake-utils": "flake-utils",
        "nixpkgs": "nixpkgs",
        "nixpkgs-stable": "nixpkgs-stable"
      },
      "locked": {
        "lastModified": 1705423993,
        "narHash": "sha256-kZtmuGdBzKT6vFbzVZqe9vm7ckkowSQz1Ln1ItvU3+A=",
        "owner": "nix-community",
        "repo": "emacs-overlay",
        "rev": "0272f04189d187055b300c77178cce855382cc55",
        "type": "github"
      },
      "original": {
        "owner": "nix-community",
        "repo": "emacs-overlay",
        "type": "github"
      }
    },
    "flake-compat": {
      "flake": false,
      "locked": {
        "lastModified": 1673956053,
        "narHash": "sha256-4gtG9iQuiKITOjNQQeQIpoIB6b16fm+504Ch3sNKLd8=",
        "owner": "edolstra",
        "repo": "flake-compat",
        "rev": "35bb57c0c8d8b62bbfd284272c928ceb64ddbde9",
        "type": "github"
      },
      "original": {
        "owner": "edolstra",
        "repo": "flake-compat",
        "type": "github"
      }
    },
    "flake-utils": {
      "inputs": {
        "systems": "systems"
      },
      "locked": {
        "lastModified": 1705309234,
        "narHash": "sha256-uNRRNRKmJyCRC/8y1RqBkqWBLM034y4qN7EprSdmgyA=",
        "owner": "numtide",
        "repo": "flake-utils",
        "rev": "1ef2e671c3b0c19053962c07dbda38332dcebf26",
        "type": "github"
      },
      "original": {
        "owner": "numtide",
        "repo": "flake-utils",
        "type": "github"
      }
    },
    "flake-utils_2": {
      "inputs": {
        "systems": "systems_2"
      },
      "locked": {
        "lastModified": 1681202837,
        "narHash": "sha256-H+Rh19JDwRtpVPAWp64F+rlEtxUWBAQW28eAi3SRSzg=",
        "owner": "numtide",
        "repo": "flake-utils",
        "rev": "cfacdce06f30d2b68473a46042957675eebb3401",
        "type": "github"
      },
      "original": {
        "owner": "numtide",
        "repo": "flake-utils",
        "type": "github"
      }
    },
    "home-manager": {
      "inputs": {
        "nixpkgs": [
          "nixpkgs"
        ]
      },
      "locked": {
        "lastModified": 1705273357,
        "narHash": "sha256-JAlkxgJbWh7+auiT0rJL3IUXXtkULRqygfxQA6mvLgc=",
        "owner": "nix-community",
        "repo": "home-manager",
        "rev": "924d91e1e4c802fd8e60279a022dbae5acb36f2d",
        "type": "github"
      },
      "original": {
        "owner": "nix-community",
        "ref": "release-23.11",
        "repo": "home-manager",
        "type": "github"
      }
    },
    "home-manager-unstable": {
      "inputs": {
        "nixpkgs": [
          "nixpkgs-unstable"
        ]
      },
      "locked": {
        "lastModified": 1705408632,
        "narHash": "sha256-/AhkReVocTli5BLWA5WXxUlGYXn3Agi/uzX76TNrsbo=",
        "owner": "nix-community",
        "repo": "home-manager",
        "rev": "37d6eeceee464adc03585404eebd68765b3c8615",
        "type": "github"
      },
      "original": {
        "owner": "nix-community",
        "ref": "master",
        "repo": "home-manager",
        "type": "github"
      }
    },
    "nix-colors": {
      "inputs": {
        "base16-schemes": "base16-schemes",
        "nixpkgs-lib": "nixpkgs-lib"
      },
      "locked": {
        "lastModified": 1695388192,
        "narHash": "sha256-2jelpE7xK+4M7jZNyWL7QYOYegQLYBDQS5bvdo8XRUQ=",
        "owner": "misterio77",
        "repo": "nix-colors",
        "rev": "37227f274b34a3b51649166deb94ce7fec2c6a4c",
        "type": "github"
      },
      "original": {
        "owner": "misterio77",
        "repo": "nix-colors",
        "type": "github"
      }
    },
    "nix-vscode-extensions": {
      "inputs": {
        "flake-compat": "flake-compat",
        "flake-utils": "flake-utils_2",
        "nixpkgs": "nixpkgs_2"
      },
      "locked": {
        "lastModified": 1705368072,
        "narHash": "sha256-e7Gn7daakWvEj/hQTw628zMGhAMH88thrmhmoB6RV6o=",
        "owner": "nix-community",
        "repo": "nix-vscode-extensions",
        "rev": "37b8bbc1717211338c446b7b926276bf8db234ac",
        "type": "github"
      },
      "original": {
        "owner": "nix-community",
        "repo": "nix-vscode-extensions",
        "type": "github"
      }
    },
    "nixpkgs": {
      "locked": {
        "lastModified": 1705133751,
        "narHash": "sha256-rCIsyE80jgiOU78gCWN3A0wE0tR2GI5nH6MlS+HaaSQ=",
        "owner": "NixOS",
        "repo": "nixpkgs",
        "rev": "9b19f5e77dd906cb52dade0b7bd280339d2a1f3d",
        "type": "github"
      },
      "original": {
        "owner": "NixOS",
        "ref": "nixos-unstable",
        "repo": "nixpkgs",
        "type": "github"
      }
    },
    "nixpkgs-lib": {
      "locked": {
        "lastModified": 1694911725,
        "narHash": "sha256-8YqI+YU1DGclEjHsnrrGfqsQg3Wyga1DfTbJrN3Ud0c=",
        "owner": "nix-community",
        "repo": "nixpkgs.lib",
        "rev": "819180647f428a3826bfc917a54449da1e532ce0",
        "type": "github"
      },
      "original": {
        "owner": "nix-community",
        "repo": "nixpkgs.lib",
        "type": "github"
      }
    },
    "nixpkgs-stable": {
      "locked": {
        "lastModified": 1705331948,
        "narHash": "sha256-qjQXfvrAT1/RKDFAMdl8Hw3m4tLVvMCc8fMqzJv0pP4=",
        "owner": "NixOS",
        "repo": "nixpkgs",
        "rev": "b8dd8be3c790215716e7c12b247f45ca525867e2",
        "type": "github"
      },
      "original": {
        "owner": "NixOS",
        "ref": "nixos-23.11",
        "repo": "nixpkgs",
        "type": "github"
      }
    },
    "nixpkgs-unstable": {
      "locked": {
        "lastModified": 1705303754,
        "narHash": "sha256-loWkd7lUzSvGBU9xnva37iPB2rr5ulq1qBLT44KjzGA=",
        "owner": "NixOS",
        "repo": "nixpkgs",
        "rev": "e0629618b4b419a47e2c8a3cab223e2a7f3a8f97",
        "type": "github"
      },
      "original": {
        "id": "nixpkgs",
        "ref": "nixpkgs-unstable",
        "type": "indirect"
      }
    },
    "nixpkgs_2": {
      "locked": {
        "lastModified": 1684570954,
        "narHash": "sha256-FX5y4Sm87RWwfu9PI71XFvuRpZLowh00FQpIJ1WfXqE=",
        "owner": "NixOS",
        "repo": "nixpkgs",
        "rev": "3005f20ce0aaa58169cdee57c8aa12e5f1b6e1b3",
        "type": "github"
      },
      "original": {
        "owner": "NixOS",
        "ref": "nixos-unstable",
        "repo": "nixpkgs",
        "type": "github"
      }
    },
    "nixpkgs_3": {
      "locked": {
        "lastModified": 1705331948,
        "narHash": "sha256-qjQXfvrAT1/RKDFAMdl8Hw3m4tLVvMCc8fMqzJv0pP4=",
        "owner": "NixOS",
        "repo": "nixpkgs",
        "rev": "b8dd8be3c790215716e7c12b247f45ca525867e2",
        "type": "github"
      },
      "original": {
        "id": "nixpkgs",
        "ref": "nixos-23.11",
        "type": "indirect"
      }
    },
    "root": {
      "inputs": {
        "emacs-overlay": "emacs-overlay",
        "home-manager": "home-manager",
        "home-manager-unstable": "home-manager-unstable",
        "nix-colors": "nix-colors",
        "nix-vscode-extensions": "nix-vscode-extensions",
        "nixpkgs": "nixpkgs_3",
        "nixpkgs-unstable": "nixpkgs-unstable",
        "sddm-sugar-candy-nix": "sddm-sugar-candy-nix"
      }
    },
    "sddm-sugar-candy-nix": {
      "inputs": {
        "nixpkgs": [
          "nixpkgs"
        ]
      },
      "locked": {
        "lastModified": 1701892631,
        "narHash": "sha256-V/37ABrXwpApy0/SlDXPn8ROi7YhEHaFDOsxN4i3+ng=",
        "owner": "Zhaith-Izaliel",
        "repo": "sddm-sugar-candy-nix",
        "rev": "115439a74247d780d56bdf1f6d89ade6a840bae8",
        "type": "gitlab"
      },
      "original": {
        "owner": "Zhaith-Izaliel",
        "repo": "sddm-sugar-candy-nix",
        "type": "gitlab"
      }
    },
    "systems": {
      "locked": {
        "lastModified": 1681028828,
        "narHash": "sha256-Vy1rq5AaRuLzOxct8nz4T6wlgyUR7zLU309k9mBC768=",
        "owner": "nix-systems",
        "repo": "default",
        "rev": "da67096a3b9bf56a91d16901293e51ba5b49a27e",
        "type": "github"
      },
      "original": {
        "owner": "nix-systems",
        "repo": "default",
        "type": "github"
      }
    },
    "systems_2": {
      "locked": {
        "lastModified": 1681028828,
        "narHash": "sha256-Vy1rq5AaRuLzOxct8nz4T6wlgyUR7zLU309k9mBC768=",
        "owner": "nix-systems",
        "repo": "default",
        "rev": "da67096a3b9bf56a91d16901293e51ba5b49a27e",
        "type": "github"
      },
      "original": {
        "owner": "nix-systems",
        "repo": "default",
        "type": "github"
      }
    }
  },
  "root": "root",
  "version": 7
}
